
Microsoft Visual Studio Solution File, Format Version 12.00
# Visual Studio Version 17
VisualStudioVersion = 17.8.34330.188
MinimumVisualStudioVersion = 10.0.40219.1
Project("{FAE04EC0-301F-11D3-BF4B-00C04F79EFBC}") = "Pravokutni trokut", "Pravokutni trokut\Pravokutni trokut.csproj", "{8B59ABE5-574A-44F1-93AD-C37D73314FB7}"
EndProject
Global
	GlobalSection(SolutionConfigurationPlatforms) = preSolution
		Debug|Any CPU = Debug|Any CPU
		Release|Any CPU = Release|Any CPU
	EndGlobalSection
	GlobalSection(ProjectConfigurationPlatforms) = postSolution
		{8B59ABE5-574A-44F1-93AD-C37D73314FB7}.Debug|Any CPU.ActiveCfg = Debug|Any CPU
		{8B59ABE5-574A-44F1-93AD-C37D73314FB7}.Debug|Any CPU.Build.0 = Debug|Any CPU
		{8B59ABE5-574A-44F1-93AD-C37D73314FB7}.Release|Any CPU.ActiveCfg = Release|Any CPU
		{8B59ABE5-574A-44F1-93AD-C37D73314FB7}.Release|Any CPU.Build.0 = Release|Any CPU
	EndGlobalSection
	GlobalSection(SolutionProperties) = preSolution
		HideSolutionNode = FALSE
	EndGlobalSection
	GlobalSection(ExtensibilityGlobals) = postSolution
		SolutionGuid = {5D292C78-CA8E-4314-9522-612F8004C9EB}
	EndGlobalSection
EndGlobal
